
Microsoft Visual Studio Solution File, Format Version 12.00
# Visual Studio 14
VisualStudioVersion = 14.0.25420.1
MinimumVisualStudioVersion = 10.0.40219.1
Project("{FAE04EC0-301F-11D3-BF4B-00C04F79EFBC}") = "onlineKredit.web", "onlineKredit.web\onlineKredit.web.csproj", "{A1009B52-8DC0-4A1F-B7AE-F2AA3AAD814A}"
EndProject
Project("{FAE04EC0-301F-11D3-BF4B-00C04F79EFBC}") = "onlineKredit.logic", "onlineKredit.logic\onlineKredit.logic.csproj", "{0ADF6AB3-481C-4A32-9AB5-6F30CE37FD9A}"
EndProject
Project("{FAE04EC0-301F-11D3-BF4B-00C04F79EFBC}") = "onlineKredit.freigabe", "onlineKredit.freigabe\onlineKredit.freigabe.csproj", "{040BEE89-E319-4F30-AE5B-034F68CFD1A0}"
EndProject
Project("{2150E333-8FDC-42A3-9474-1A3956D46DE8}") = "Planung", "Planung", "{708CF735-D83D-4F66-AD8D-EE97631E4E2F}"
	ProjectSection(SolutionItems) = preProject
		Aufgabe 1 - Entwurf.jpg = Aufgabe 1 - Entwurf.jpg
		Aufgabe 1 - Kreditkarte.txt = Aufgabe 1 - Kreditkarte.txt
		Aufgabe 2 - Admin.txt = Aufgabe 2 - Admin.txt
		Aufgabe 2 - Entwurf.jpg = Aufgabe 2 - Entwurf.jpg
		Aufgabe 3 - Entwurf.jpeg = Aufgabe 3 - Entwurf.jpeg
	EndProjectSection
EndProject
Project("{2150E333-8FDC-42A3-9474-1A3956D46DE8}") = "Umsetzung", "Umsetzung", "{5E7078B1-18F2-446D-944F-A5A59DDAB674}"
	ProjectSection(SolutionItems) = preProject
		Simulation.sql = Simulation.sql
	EndProjectSection
EndProject
Global
	GlobalSection(SolutionConfigurationPlatforms) = preSolution
		Debug|Any CPU = Debug|Any CPU
		Release|Any CPU = Release|Any CPU
	EndGlobalSection
	GlobalSection(ProjectConfigurationPlatforms) = postSolution
		{A1009B52-8DC0-4A1F-B7AE-F2AA3AAD814A}.Debug|Any CPU.ActiveCfg = Debug|Any CPU
		{A1009B52-8DC0-4A1F-B7AE-F2AA3AAD814A}.Debug|Any CPU.Build.0 = Debug|Any CPU
		{A1009B52-8DC0-4A1F-B7AE-F2AA3AAD814A}.Release|Any CPU.ActiveCfg = Release|Any CPU
		{A1009B52-8DC0-4A1F-B7AE-F2AA3AAD814A}.Release|Any CPU.Build.0 = Release|Any CPU
		{0ADF6AB3-481C-4A32-9AB5-6F30CE37FD9A}.Debug|Any CPU.ActiveCfg = Debug|Any CPU
		{0ADF6AB3-481C-4A32-9AB5-6F30CE37FD9A}.Debug|Any CPU.Build.0 = Debug|Any CPU
		{0ADF6AB3-481C-4A32-9AB5-6F30CE37FD9A}.Release|Any CPU.ActiveCfg = Release|Any CPU
		{0ADF6AB3-481C-4A32-9AB5-6F30CE37FD9A}.Release|Any CPU.Build.0 = Release|Any CPU
		{040BEE89-E319-4F30-AE5B-034F68CFD1A0}.Debug|Any CPU.ActiveCfg = Debug|Any CPU
		{040BEE89-E319-4F30-AE5B-034F68CFD1A0}.Debug|Any CPU.Build.0 = Debug|Any CPU
		{040BEE89-E319-4F30-AE5B-034F68CFD1A0}.Release|Any CPU.ActiveCfg = Release|Any CPU
		{040BEE89-E319-4F30-AE5B-034F68CFD1A0}.Release|Any CPU.Build.0 = Release|Any CPU
	EndGlobalSection
	GlobalSection(SolutionProperties) = preSolution
		HideSolutionNode = FALSE
	EndGlobalSection
EndGlobal
